{
  "version": 4,
  "terraform_version": "1.5.7",
  "serial": 9,
  "lineage": "f43f931a-cdef-cd5e-ac65-3e14dd5794a6",
  "outputs": {},
  "resources": [
    {
      "mode": "managed",
      "type": "azurerm_app_service",
      "name": "this",
      "provider": "provider[\"registry.terraform.io/hashicorp/azurerm\"]",
      "instances": [
        {
          "schema_version": 0,
          "attributes": {
            "app_service_plan_id": "/subscriptions/8356492a-5b92-4829-95f0-48abf6418162/resourceGroups/dev-rg-yt/providers/Microsoft.Web/serverFarms/ASP-devrgyt-bcb8",
            "app_settings": {
              "SOME_KEY": "some-value"
            },
            "auth_settings": [
              {
                "active_directory": [],
                "additional_login_params": {},
                "allowed_external_redirect_urls": [],
                "default_provider": "",
                "enabled": false,
                "facebook": [],
                "google": [],
                "issuer": "",
                "microsoft": [],
                "runtime_version": "",
                "token_refresh_extension_hours": 0,
                "token_store_enabled": false,
                "twitter": [],
                "unauthenticated_client_action": ""
              }
            ],
            "backup": [],
            "client_affinity_enabled": false,
            "client_cert_enabled": false,
            "client_cert_mode": "Required",
            "connection_string": [
              {
                "name": "Database",
                "type": "SQLServer",
                "value": "Server=some-server.mydomain.com;Integrated Security=SSPI"
              }
            ],
            "custom_domain_verification_id": "C70AAB252BDDC49055A1C1FB1F487BDDFB5366EA7700A10757DAB3F9FC868E34",
            "default_site_hostname": "dev-web-app-yt-csfbf8e9ehg2f7e9.canadacentral-01.azurewebsites.net",
            "enabled": true,
            "https_only": true,
            "id": "/subscriptions/8356492a-5b92-4829-95f0-48abf6418162/resourceGroups/dev-rg-yt/providers/Microsoft.Web/sites/dev-web-app-yt",
            "identity": [],
            "key_vault_reference_identity_id": "SystemAssigned",
            "location": "canadacentral",
            "logs": [
              {
                "application_logs": [
                  {
                    "azure_blob_storage": [],
                    "file_system_level": "Off"
                  }
                ],
                "detailed_error_messages_enabled": false,
                "failed_request_tracing_enabled": false,
                "http_logs": [
                  {
                    "azure_blob_storage": [],
                    "file_system": []
                  }
                ]
              }
            ],
            "name": "dev-web-app-yt",
            "outbound_ip_address_list": [
              "13.88.230.232",
              "13.88.229.172",
              "52.228.39.78",
              "13.71.191.27",
              "13.71.170.130"
            ],
            "outbound_ip_addresses": "13.88.230.232,13.88.229.172,52.228.39.78,13.71.191.27,13.71.170.130",
            "possible_outbound_ip_address_list": [
              "13.88.230.232",
              "13.88.229.172",
              "52.228.39.78",
              "13.71.191.27",
              "40.85.254.37",
              "40.85.219.45",
              "40.85.223.56",
              "52.228.42.60",
              "52.228.42.28",
              "20.220.138.125",
              "20.220.138.151",
              "20.220.138.166",
              "20.220.140.137",
              "20.220.140.186",
              "20.220.141.54",
              "20.220.156.238",
              "20.175.139.169",
              "20.175.139.175",
              "20.175.139.218",
              "20.175.140.16",
              "20.175.140.35",
              "13.71.170.130"
            ],
            "possible_outbound_ip_addresses": "13.88.230.232,13.88.229.172,52.228.39.78,13.71.191.27,40.85.254.37,40.85.219.45,40.85.223.56,52.228.42.60,52.228.42.28,20.220.138.125,20.220.138.151,20.220.138.166,20.220.140.137,20.220.140.186,20.220.141.54,20.220.156.238,20.175.139.169,20.175.139.175,20.175.139.218,20.175.140.16,20.175.140.35,13.71.170.130",
            "resource_group_name": "dev-rg-yt",
            "site_config": [
              {
                "acr_use_managed_identity_credentials": false,
                "acr_user_managed_identity_client_id": "",
                "always_on": false,
                "app_command_line": "",
                "auto_swap_slot_name": "",
                "cors": [],
                "default_documents": [],
                "dotnet_framework_version": "v4.0",
                "ftps_state": "FtpsOnly",
                "health_check_path": "",
                "http2_enabled": false,
                "ip_restriction": [],
                "java_container": "",
                "java_container_version": "",
                "java_version": "",
                "linux_fx_version": "PYTHON|3.12",
                "local_mysql_enabled": false,
                "managed_pipeline_mode": "Integrated",
                "min_tls_version": "1.2",
                "number_of_workers": 1,
                "php_version": "",
                "python_version": "",
                "remote_debugging_enabled": false,
                "remote_debugging_version": "VS2022",
                "scm_ip_restriction": [],
                "scm_type": "LocalGit",
                "scm_use_main_ip_restriction": false,
                "use_32_bit_worker_process": false,
                "vnet_route_all_enabled": false,
                "websockets_enabled": false,
                "windows_fx_version": ""
              }
            ],
            "site_credential": [
              {
                "password": "REDACTED",
                "username": "REDACTED"
              }
            ],
            "source_control": [
              {
                "branch": "main",
                "manual_integration": false,
                "repo_url": "",
                "rollback_enabled": false,
                "use_mercurial": false
              }
            ],
            "storage_account": [],
            "tags": {},
            "timeouts": null
          },
          "sensitive_attributes": [],
          "private": "eyJlMmJmYjczMC1lY2FhLTExZTYtOGY4OC0zNDM2M2JjN2M0YzAiOnsiY3JlYXRlIjoxODAwMDAwMDAwMDAwLCJkZWxldGUiOjE4MDAwMDAwMDAwMDAsInJlYWQiOjMwMDAwMDAwMDAwMCwidXBkYXRlIjoxODAwMDAwMDAwMDAwfX0=",
          "dependencies": [
            "azurerm_resource_group.this",
            "azurerm_service_plan.this"
          ]
        }
      ]
    },
    {
      "mode": "managed",
      "type": "azurerm_resource_group",
      "name": "this",
      "provider": "provider[\"registry.terraform.io/hashicorp/azurerm\"]",
      "instances": [
        {
          "schema_version": 0,
          "attributes": {
            "id": "/subscriptions/8356492a-5b92-4829-95f0-48abf6418162/resourceGroups/dev-rg-yt",
            "location": "eastus",
            "managed_by": "",
            "name": "dev-rg-yt",
            "tags": {},
            "timeouts": null
          },
          "sensitive_attributes": [],
          "private": "eyJlMmJmYjczMC1lY2FhLTExZTYtOGY4OC0zNDM2M2JjN2M0YzAiOnsiY3JlYXRlIjo1NDAwMDAwMDAwMDAwLCJkZWxldGUiOjU0MDAwMDAwMDAwMDAsInJlYWQiOjMwMDAwMDAwMDAwMCwidXBkYXRlIjo1NDAwMDAwMDAwMDAwfX0="
        }
      ]
    },
    {
      "mode": "managed",
      "type": "azurerm_service_plan",
      "name": "this",
      "provider": "provider[\"registry.terraform.io/hashicorp/azurerm\"]",
      "instances": [
        {
          "schema_version": 1,
          "attributes": {
            "app_service_environment_id": "",
            "id": "/subscriptions/8356492a-5b92-4829-95f0-48abf6418162/resourceGroups/dev-rg-yt/providers/Microsoft.Web/serverFarms/ASP-devrgyt-bcb8",
            "kind": "linux",
            "location": "canadacentral",
            "maximum_elastic_worker_count": 1,
            "name": "ASP-devrgyt-bcb8",
            "os_type": "Linux",
            "per_site_scaling_enabled": false,
            "reserved": true,
            "resource_group_name": "dev-rg-yt",
            "sku_name": "F1",
            "tags": {},
            "timeouts": null,
            "worker_count": 1,
            "zone_balancing_enabled": false
          },
          "sensitive_attributes": [],
          "private": "eyJlMmJmYjczMC1lY2FhLTExZTYtOGY4OC0zNDM2M2JjN2M0YzAiOnsiY3JlYXRlIjozNjAwMDAwMDAwMDAwLCJkZWxldGUiOjM2MDAwMDAwMDAwMDAsInJlYWQiOjMwMDAwMDAwMDAwMCwidXBkYXRlIjozNjAwMDAwMDAwMDAwfSwic2NoZW1hX3ZlcnNpb24iOiIxIn0=",
          "dependencies": [
            "azurerm_resource_group.this"
          ]
        }
      ]
    }
  ],
  "check_results": null
}
